PODS:
  - SchibstedTracking (0.0.1):
    - SchibstedTracking/Tracker (= 0.0.1)
  - SchibstedTracking/Tracker (0.0.1)

DEPENDENCIES:
  - SchibstedTracking (from `../`)

EXTERNAL SOURCES:
  SchibstedTracking:
    :path: "../"

SPEC CHECKSUMS:
  SchibstedTracking: 5ba5869d604d35c8b0ae6d91782e5843098bb682

PODFILE CHECKSUM: ee0109d6a3080a70d3d5b798659b64bd8154af7d

COCOAPODS: 1.10.1
